
Microsoft Visual Studio Solution File, Format Version 12.00
Project("{FAE04EC0-301F-11D3-BF4B-00C04F79EFBC}") = "BankAPI", "BankAPI\BankAPI.csproj", "{2143BFA0-65F8-46D5-9056-F41F1CB5C3FF}"
EndProject
Project("{FAE04EC0-301F-11D3-BF4B-00C04F79EFBC}") = "Bank.Business", "Bank.Business\Bank.Business.csproj", "{F2D7BD1C-2FF4-4375-8696-C028DFF981BD}"
EndProject
Project("{FAE04EC0-301F-11D3-BF4B-00C04F79EFBC}") = "Bank.DataAccess", "Bank.DataAccess\Bank.DataAccess.csproj", "{8F9F3401-9851-472A-BC93-5C86677682B0}"
EndProject
Global
	GlobalSection(SolutionConfigurationPlatforms) = preSolution
		Debug|Any CPU = Debug|Any CPU
		Release|Any CPU = Release|Any CPU
	EndGlobalSection
	GlobalSection(ProjectConfigurationPlatforms) = postSolution
		{2143BFA0-65F8-46D5-9056-F41F1CB5C3FF}.Debug|Any CPU.ActiveCfg = Debug|Any CPU
		{2143BFA0-65F8-46D5-9056-F41F1CB5C3FF}.Debug|Any CPU.Build.0 = Debug|Any CPU
		{2143BFA0-65F8-46D5-9056-F41F1CB5C3FF}.Release|Any CPU.ActiveCfg = Release|Any CPU
		{2143BFA0-65F8-46D5-9056-F41F1CB5C3FF}.Release|Any CPU.Build.0 = Release|Any CPU
		{F2D7BD1C-2FF4-4375-8696-C028DFF981BD}.Debug|Any CPU.ActiveCfg = Debug|Any CPU
		{F2D7BD1C-2FF4-4375-8696-C028DFF981BD}.Debug|Any CPU.Build.0 = Debug|Any CPU
		{F2D7BD1C-2FF4-4375-8696-C028DFF981BD}.Release|Any CPU.ActiveCfg = Release|Any CPU
		{F2D7BD1C-2FF4-4375-8696-C028DFF981BD}.Release|Any CPU.Build.0 = Release|Any CPU
		{8F9F3401-9851-472A-BC93-5C86677682B0}.Debug|Any CPU.ActiveCfg = Debug|Any CPU
		{8F9F3401-9851-472A-BC93-5C86677682B0}.Debug|Any CPU.Build.0 = Debug|Any CPU
		{8F9F3401-9851-472A-BC93-5C86677682B0}.Release|Any CPU.ActiveCfg = Release|Any CPU
		{8F9F3401-9851-472A-BC93-5C86677682B0}.Release|Any CPU.Build.0 = Release|Any CPU
	EndGlobalSection
EndGlobal
